
Microsoft Visual Studio Solution File, Format Version 12.00
# Visual Studio Version 16
VisualStudioVersion = 16.0.28803.156
MinimumVisualStudioVersion = 10.0.40219.1
Project("{FAE04EC0-301F-11D3-BF4B-00C04F79EFBC}") = "EtherControl", "EtherControl\EtherControl.csproj", "{C34C67D6-B64C-47B0-8414-5344CA6A651B}"
EndProject
Global
	GlobalSection(SolutionConfigurationPlatforms) = preSolution
		Debug|Any CPU = Debug|Any CPU
		Release|Any CPU = Release|Any CPU
	EndGlobalSection
	GlobalSection(ProjectConfigurationPlatforms) = postSolution
		{C34C67D6-B64C-47B0-8414-5344CA6A651B}.Debug|Any CPU.ActiveCfg = Debug|Any CPU
		{C34C67D6-B64C-47B0-8414-5344CA6A651B}.Debug|Any CPU.Build.0 = Debug|Any CPU
		{C34C67D6-B64C-47B0-8414-5344CA6A651B}.Release|Any CPU.ActiveCfg = Release|Any CPU
		{C34C67D6-B64C-47B0-8414-5344CA6A651B}.Release|Any CPU.Build.0 = Release|Any CPU
	EndGlobalSection
	GlobalSection(SolutionProperties) = preSolution
		HideSolutionNode = FALSE
	EndGlobalSection
	GlobalSection(ExtensibilityGlobals) = postSolution
		SolutionGuid = {56A37B11-F9A5-4DE1-8C47-D1576E61C3B7}
	EndGlobalSection
EndGlobal
